
Microsoft Visual Studio Solution File, Format Version 12.00
# Visual Studio Version 16
VisualStudioVersion = 16.0.30413.136
MinimumVisualStudioVersion = 10.0.40219.1
Project("{FAE04EC0-301F-11D3-BF4B-00C04F79EFBC}") = "XamarinHangMan2020", "XamarinHangMan2020.csproj", "{CDFF4E2C-BB2C-4519-826F-4C56E90D2ACA}"
EndProject
Global
	GlobalSection(SolutionConfigurationPlatforms) = preSolution
		Debug|Any CPU = Debug|Any CPU
		Release|Any CPU = Release|Any CPU
	EndGlobalSection
	GlobalSection(ProjectConfigurationPlatforms) = postSolution
		{CDFF4E2C-BB2C-4519-826F-4C56E90D2ACA}.Debug|Any CPU.ActiveCfg = Debug|Any CPU
		{CDFF4E2C-BB2C-4519-826F-4C56E90D2ACA}.Debug|Any CPU.Build.0 = Debug|Any CPU
		{CDFF4E2C-BB2C-4519-826F-4C56E90D2ACA}.Debug|Any CPU.Deploy.0 = Debug|Any CPU
		{CDFF4E2C-BB2C-4519-826F-4C56E90D2ACA}.Release|Any CPU.ActiveCfg = Release|Any CPU
		{CDFF4E2C-BB2C-4519-826F-4C56E90D2ACA}.Release|Any CPU.Build.0 = Release|Any CPU
		{CDFF4E2C-BB2C-4519-826F-4C56E90D2ACA}.Release|Any CPU.Deploy.0 = Release|Any CPU
	EndGlobalSection
	GlobalSection(SolutionProperties) = preSolution
		HideSolutionNode = FALSE
	EndGlobalSection
	GlobalSection(ExtensibilityGlobals) = postSolution
		SolutionGuid = {9DEC97DA-6341-4042-AC25-5A56BE34662E}
	EndGlobalSection
EndGlobal
